// !$*UTF8*$!
{
	archiveVersion = 1;
	classes = {
	};
	objectVersion = 46;
	objects = {

/* Begin PBXBuildFile section */
		223D565A18C6768900CE2C7B /* QuartzCore.framework in Frameworks */ = {isa = PBXBuildFile; fileRef = 223D565918C6768900CE2C7B /* QuartzCore.framework */; };
		223D565C18C6768F00CE2C7B /* Accelerate.framework in Frameworks */ = {isa = PBXBuildFile; fileRef = 223D565B18C6768F00CE2C7B /* Accelerate.framework */; };
		223D565E18C68A5D00CE2C7B /* USViewController.xib in Resources */ = {isa = PBXBuildFile; fileRef = 223D565D18C68A5D00CE2C7B /* USViewController.xib */; };
		223D566218C690A400CE2C7B /* ParallaxScrollingFramework.m in Sources */ = {isa = PBXBuildFile; fileRef = 223D566118C690A400CE2C7B /* ParallaxScrollingFramework.m */; };
		223D566618CA3A2F00CE2C7B /* bg_intro@2x.jpg in Resources */ = {isa = PBXBuildFile; fileRef = 223D566518CA3A2F00CE2C7B /* bg_intro@2x.jpg */; };
		223D56AD18D1703D00CE2C7B /* CoreMedia.framework in Frameworks */ = {isa = PBXBuildFile; fileRef = 223D56AC18D1703C00CE2C7B /* CoreMedia.framework */; };
		223D56AF18D1704600CE2C7B /* AVFoundation.framework in Frameworks */ = {isa = PBXBuildFile; fileRef = 223D56AE18D1704600CE2C7B /* AVFoundation.framework */; };
		223D56B118D1704F00CE2C7B /* OpenGLES.framework in Frameworks */ = {isa = PBXBuildFile; fileRef = 223D56B018D1704F00CE2C7B /* OpenGLES.framework */; };
		223D56B318D1706000CE2C7B /* CoreVideo.framework in Frameworks */ = {isa = PBXBuildFile; fileRef = 223D56B218D1706000CE2C7B /* CoreVideo.framework */; settings = {ATTRIBUTES = (Weak, ); }; };
		223D575118D19AE900CE2C7B /* UISidebarViewController.m in Sources */ = {isa = PBXBuildFile; fileRef = 223D575018D19AE900CE2C7B /* UISidebarViewController.m */; };
		2251689118BE9F2400085AE8 /* Foundation.framework in Frameworks */ = {isa = PBXBuildFile; fileRef = 2251689018BE9F2400085AE8 /* Foundation.framework */; };
		2251689318BE9F2400085AE8 /* CoreGraphics.framework in Frameworks */ = {isa = PBXBuildFile; fileRef = 2251689218BE9F2400085AE8 /* CoreGraphics.framework */; };
		2251689518BE9F2400085AE8 /* UIKit.framework in Frameworks */ = {isa = PBXBuildFile; fileRef = 2251689418BE9F2400085AE8 /* UIKit.framework */; };
		2251689B18BE9F2400085AE8 /* InfoPlist.strings in Resources */ = {isa = PBXBuildFile; fileRef = 2251689918BE9F2400085AE8 /* InfoPlist.strings */; };
		2251689D18BE9F2400085AE8 /* main.m in Sources */ = {isa = PBXBuildFile; fileRef = 2251689C18BE9F2400085AE8 /* main.m */; };
		225168A118BE9F2400085AE8 /* USAppDelegate.m in Sources */ = {isa = PBXBuildFile; fileRef = 225168A018BE9F2400085AE8 /* USAppDelegate.m */; };
		225168AC18BE9F2400085AE8 /* Images.xcassets in Resources */ = {isa = PBXBuildFile; fileRef = 225168AB18BE9F2400085AE8 /* Images.xcassets */; };
		225168B318BE9F2400085AE8 /* XCTest.framework in Frameworks */ = {isa = PBXBuildFile; fileRef = 225168B218BE9F2400085AE8 /* XCTest.framework */; };
		225168B418BE9F2400085AE8 /* Foundation.framework in Frameworks */ = {isa = PBXBuildFile; fileRef = 2251689018BE9F2400085AE8 /* Foundation.framework */; };
		225168B518BE9F2400085AE8 /* UIKit.framework in Frameworks */ = {isa = PBXBuildFile; fileRef = 2251689418BE9F2400085AE8 /* UIKit.framework */; };
		225168BD18BE9F2400085AE8 /* InfoPlist.strings in Resources */ = {isa = PBXBuildFile; fileRef = 225168BB18BE9F2400085AE8 /* InfoPlist.strings */; };
		225168BF18BE9F2400085AE8 /* UnsplashedTests.m in Sources */ = {isa = PBXBuildFile; fileRef = 225168BE18BE9F2400085AE8 /* UnsplashedTests.m */; };
		225168CB18BEA29500085AE8 /* USViewController.m in Sources */ = {isa = PBXBuildFile; fileRef = 225168CA18BEA29500085AE8 /* USViewController.m */; };
		225168D718BEA79F00085AE8 /* USImageViewController.m in Sources */ = {isa = PBXBuildFile; fileRef = 225168D518BEA79F00085AE8 /* USImageViewController.m */; };
		225168D818BEA79F00085AE8 /* USImageViewController.xib in Resources */ = {isa = PBXBuildFile; fileRef = 225168D618BEA79F00085AE8 /* USImageViewController.xib */; };
		225168E518BF888700085AE8 /* USWebViewController.m in Sources */ = {isa = PBXBuildFile; fileRef = 225168E318BF888700085AE8 /* USWebViewController.m */; };
		225168E618BF888700085AE8 /* USWebViewController.xib in Resources */ = {isa = PBXBuildFile; fileRef = 225168E418BF888700085AE8 /* USWebViewController.xib */; };
		225168E918BFD1DA00085AE8 /* USImageDatasource.m in Sources */ = {isa = PBXBuildFile; fileRef = 225168E818BFD1DA00085AE8 /* USImageDatasource.m */; };
		225168ED18BFD36400085AE8 /* Constants.m in Sources */ = {isa = PBXBuildFile; fileRef = 225168EB18BFD36400085AE8 /* Constants.m */; };
		225168F018BFE3C100085AE8 /* USLoadingViewController.m in Sources */ = {isa = PBXBuildFile; fileRef = 225168EF18BFE3C100085AE8 /* USLoadingViewController.m */; };
		225168F818C61FE400085AE8 /* USWebDatasource.m in Sources */ = {isa = PBXBuildFile; fileRef = 225168F718C61FE400085AE8 /* USWebDatasource.m */; };
		22943C4F18D9024000257023 /* Default-Landscape~ipad.png in Resources */ = {isa = PBXBuildFile; fileRef = 22943C4E18D9024000257023 /* Default-Landscape~ipad.png */; };
		22943C5118D9024200257023 /* Default-Landscape@2x~ipad.png in Resources */ = {isa = PBXBuildFile; fileRef = 22943C5018D9024200257023 /* Default-Landscape@2x~ipad.png */; };
		22943C5318D9024400257023 /* Default-Portrait@2x~ipad.png in Resources */ = {isa = PBXBuildFile; fileRef = 22943C5218D9024400257023 /* Default-Portrait@2x~ipad.png */; };
		22943C5518D9024500257023 /* Default-Portrait~ipad.png in Resources */ = {isa = PBXBuildFile; fileRef = 22943C5418D9024500257023 /* Default-Portrait~ipad.png */; };
		22943C5718D9025100257023 /* Default.png in Resources */ = {isa = PBXBuildFile; fileRef = 22943C5618D9025100257023 /* Default.png */; };
		22943C5918D9025300257023 /* Default@2x.png in Resources */ = {isa = PBXBuildFile; fileRef = 22943C5818D9025300257023 /* Default@2x.png */; };
		22943C5B18D9025500257023 /* Default-568h@2x.png in Resources */ = {isa = PBXBuildFile; fileRef = 22943C5A18D9025500257023 /* Default-568h@2x.png */; };
		22943C5D18D902F600257023 /* 57.png in Resources */ = {isa = PBXBuildFile; fileRef = 22943C5C18D902F600257023 /* 57.png */; };
		22943C5F18D902F800257023 /* 57@2x.png in Resources */ = {isa = PBXBuildFile; fileRef = 22943C5E18D902F800257023 /* 57@2x.png */; };
		22943C6118D902FC00257023 /* 72.png in Resources */ = {isa = PBXBuildFile; fileRef = 22943C6018D902FC00257023 /* 72.png */; };
		22943C6318D902FD00257023 /* 72@2x.png in Resources */ = {isa = PBXBuildFile; fileRef = 22943C6218D902FD00257023 /* 72@2x.png */; };
		22B0B16718D8D6FB00FEE60E /* USMenuViewController.m in Sources */ = {isa = PBXBuildFile; fileRef = 22B0B16518D8D6FB00FEE60E /* USMenuViewController.m */; };
		22B0B16818D8D6FB00FEE60E /* USMenuViewController.xib in Resources */ = {isa = PBXBuildFile; fileRef = 22B0B16618D8D6FB00FEE60E /* USMenuViewController.xib */; };
		22B0B16D18D8EFD300FEE60E /* iRate.bundle in Resources */ = {isa = PBXBuildFile; fileRef = 22B0B16A18D8EFD300FEE60E /* iRate.bundle */; };
		22B0B16E18D8EFD300FEE60E /* iRate.m in Sources */ = {isa = PBXBuildFile; fileRef = 22B0B16C18D8EFD300FEE60E /* iRate.m */; };
/* End PBXBuildFile section */

/* Begin PBXContainerItemProxy section */
		225168B618BE9F2400085AE8 /* PBXContainerItemProxy */ = {
			isa = PBXContainerItemProxy;
			containerPortal = 2251688518BE9F2400085AE8 /* Project object */;
			proxyType = 1;
			remoteGlobalIDString = 2251688C18BE9F2400085AE8;
			remoteInfo = Unsplash;
		};
/* End PBXContainerItemProxy section */

/* Begin PBXFileReference section */
		223D565918C6768900CE2C7B /* QuartzCore.framework */ = {isa = PBXFileReference; lastKnownFileType = wrapper.framework; name = QuartzCore.framework; path = System/Library/Frameworks/QuartzCore.framework; sourceTree = SDKROOT; };
		223D565B18C6768F00CE2C7B /* Accelerate.framework */ = {isa = PBXFileReference; lastKnownFileType = wrapper.framework; name = Accelerate.framework; path = System/Library/Frameworks/Accelerate.framework; sourceTree = SDKROOT; };
		223D565D18C68A5D00CE2C7B /* USViewController.xib */ = {isa = PBXFileReference; fileEncoding = 4; lastKnownFileType = file.xib; path = USViewController.xib; sourceTree = "<group>"; };
		223D566018C690A400CE2C7B /* ParallaxScrollingFramework.h */ = {isa = PBXFileReference; fileEncoding = 4; lastKnownFileType = sourcecode.c.h; path = ParallaxScrollingFramework.h; sourceTree = "<group>"; };
		223D566118C690A400CE2C7B /* ParallaxScrollingFramework.m */ = {isa = PBXFileReference; fileEncoding = 4; lastKnownFileType = sourcecode.c.objc; path = ParallaxScrollingFramework.m; sourceTree = "<group>"; };
		223D566518CA3A2F00CE2C7B /* bg_intro@2x.jpg */ = {isa = PBXFileReference; lastKnownFileType = image.jpeg; path = "bg_intro@2x.jpg"; sourceTree = "<group>"; };
		223D56AC18D1703C00CE2C7B /* CoreMedia.framework */ = {isa = PBXFileReference; lastKnownFileType = wrapper.framework; name = CoreMedia.framework; path = System/Library/Frameworks/CoreMedia.framework; sourceTree = SDKROOT; };
		223D56AE18D1704600CE2C7B /* AVFoundation.framework */ = {isa = PBXFileReference; lastKnownFileType = wrapper.framework; name = AVFoundation.framework; path = System/Library/Frameworks/AVFoundation.framework; sourceTree = SDKROOT; };
		223D56B018D1704F00CE2C7B /* OpenGLES.framework */ = {isa = PBXFileReference; lastKnownFileType = wrapper.framework; name = OpenGLES.framework; path = System/Library/Frameworks/OpenGLES.framework; sourceTree = SDKROOT; };
		223D56B218D1706000CE2C7B /* CoreVideo.framework */ = {isa = PBXFileReference; lastKnownFileType = wrapper.framework; name = CoreVideo.framework; path = System/Library/Frameworks/CoreVideo.framework; sourceTree = SDKROOT; };
		223D574F18D19AE900CE2C7B /* UISidebarViewController.h */ = {isa = PBXFileReference; fileEncoding = 4; lastKnownFileType = sourcecode.c.h; name = UISidebarViewController.h; path = Unsplash/Libraries/UISidebarViewController/UISidebarViewController/UISidebarViewController.h; sourceTree = SOURCE_ROOT; };
		223D575018D19AE900CE2C7B /* UISidebarViewController.m */ = {isa = PBXFileReference; fileEncoding = 4; lastKnownFileType = sourcecode.c.objc; name = UISidebarViewController.m; path = Unsplash/Libraries/UISidebarViewController/UISidebarViewController/UISidebarViewController.m; sourceTree = SOURCE_ROOT; };
		2251688D18BE9F2400085AE8 /* Unsplashed.app */ = {isa = PBXFileReference; explicitFileType = wrapper.application; includeInIndex = 0; path = Unsplashed.app; sourceTree = BUILT_PRODUCTS_DIR; };
		2251689018BE9F2400085AE8 /* Foundation.framework */ = {isa = PBXFileReference; lastKnownFileType = wrapper.framework; name = Foundation.framework; path = System/Library/Frameworks/Foundation.framework; sourceTree = SDKROOT; };
		2251689218BE9F2400085AE8 /* CoreGraphics.framework */ = {isa = PBXFileReference; lastKnownFileType = wrapper.framework; name = CoreGraphics.framework; path = System/Library/Frameworks/CoreGraphics.framework; sourceTree = SDKROOT; };
		2251689418BE9F2400085AE8 /* UIKit.framework */ = {isa = PBXFileReference; lastKnownFileType = wrapper.framework; name = UIKit.framework; path = System/Library/Frameworks/UIKit.framework; sourceTree = SDKROOT; };
		2251689818BE9F2400085AE8 /* Unsplashed-Info.plist */ = {isa = PBXFileReference; lastKnownFileType = text.plist.xml; path = "Unsplashed-Info.plist"; sourceTree = "<group>"; };
		2251689A18BE9F2400085AE8 /* en */ = {isa = PBXFileReference; lastKnownFileType = text.plist.strings; name = en; path = en.lproj/InfoPlist.strings; sourceTree = "<group>"; };
		2251689C18BE9F2400085AE8 /* main.m */ = {isa = PBXFileReference; lastKnownFileType = sourcecode.c.objc; path = main.m; sourceTree = "<group>"; };
		2251689E18BE9F2400085AE8 /* Unsplashed-Prefix.pch */ = {isa = PBXFileReference; lastKnownFileType = sourcecode.c.h; path = "Unsplashed-Prefix.pch"; sourceTree = "<group>"; };
		2251689F18BE9F2400085AE8 /* USAppDelegate.h */ = {isa = PBXFileReference; lastKnownFileType = sourcecode.c.h; path = USAppDelegate.h; sourceTree = "<group>"; };
		225168A018BE9F2400085AE8 /* USAppDelegate.m */ = {isa = PBXFileReference; lastKnownFileType = sourcecode.c.objc; path = USAppDelegate.m; sourceTree = "<group>"; };
		225168AB18BE9F2400085AE8 /* Images.xcassets */ = {isa = PBXFileReference; lastKnownFileType = folder.assetcatalog; path = Images.xcassets; sourceTree = "<group>"; };
		225168B118BE9F2400085AE8 /* UnsplashedTests.xctest */ = {isa = PBXFileReference; explicitFileType = wrapper.cfbundle; includeInIndex = 0; path = UnsplashedTests.xctest; sourceTree = BUILT_PRODUCTS_DIR; };
		225168B218BE9F2400085AE8 /* XCTest.framework */ = {isa = PBXFileReference; lastKnownFileType = wrapper.framework; name = XCTest.framework; path = Library/Frameworks/XCTest.framework; sourceTree = DEVELOPER_DIR; };
		225168BA18BE9F2400085AE8 /* UnsplashedTests-Info.plist */ = {isa = PBXFileReference; lastKnownFileType = text.plist.xml; path = "UnsplashedTests-Info.plist"; sourceTree = "<group>"; };
		225168BC18BE9F2400085AE8 /* en */ = {isa = PBXFileReference; lastKnownFileType = text.plist.strings; name = en; path = en.lproj/InfoPlist.strings; sourceTree = "<group>"; };
		225168BE18BE9F2400085AE8 /* UnsplashedTests.m */ = {isa = PBXFileReference; lastKnownFileType = sourcecode.c.objc; path = UnsplashedTests.m; sourceTree = "<group>"; };
		225168C918BEA29500085AE8 /* USViewController.h */ = {isa = PBXFileReference; fileEncoding = 4; lastKnownFileType = sourcecode.c.h; path = USViewController.h; sourceTree = "<group>"; };
		225168CA18BEA29500085AE8 /* USViewController.m */ = {isa = PBXFileReference; fileEncoding = 4; lastKnownFileType = sourcecode.c.objc; path = USViewController.m; sourceTree = "<group>"; };
		225168D418BEA79F00085AE8 /* USImageViewController.h */ = {isa = PBXFileReference; fileEncoding = 4; lastKnownFileType = sourcecode.c.h; path = USImageViewController.h; sourceTree = "<group>"; };
		225168D518BEA79F00085AE8 /* USImageViewController.m */ = {isa = PBXFileReference; fileEncoding = 4; lastKnownFileType = sourcecode.c.objc; path = USImageViewController.m; sourceTree = "<group>"; };
		225168D618BEA79F00085AE8 /* USImageViewController.xib */ = {isa = PBXFileReference; fileEncoding = 4; lastKnownFileType = file.xib; path = USImageViewController.xib; sourceTree = "<group>"; };
		225168E218BF888700085AE8 /* USWebViewController.h */ = {isa = PBXFileReference; fileEncoding = 4; lastKnownFileType = sourcecode.c.h; path = USWebViewController.h; sourceTree = "<group>"; };
		225168E318BF888700085AE8 /* USWebViewController.m */ = {isa = PBXFileReference; fileEncoding = 4; lastKnownFileType = sourcecode.c.objc; path = USWebViewController.m; sourceTree = "<group>"; };
		225168E418BF888700085AE8 /* USWebViewController.xib */ = {isa = PBXFileReference; fileEncoding = 4; lastKnownFileType = file.xib; path = USWebViewController.xib; sourceTree = "<group>"; };
		225168E718BFD1DA00085AE8 /* USImageDatasource.h */ = {isa = PBXFileReference; fileEncoding = 4; lastKnownFileType = sourcecode.c.h; name = USImageDatasource.h; path = Models/USImageDatasource.h; sourceTree = "<group>"; };
		225168E818BFD1DA00085AE8 /* USImageDatasource.m */ = {isa = PBXFileReference; fileEncoding = 4; lastKnownFileType = sourcecode.c.objc; name = USImageDatasource.m; path = Models/USImageDatasource.m; sourceTree = "<group>"; };
		225168EA18BFD36400085AE8 /* Constants.h */ = {isa = PBXFileReference; fileEncoding = 4; lastKnownFileType = sourcecode.c.h; path = Constants.h; sourceTree = "<group>"; };
		225168EB18BFD36400085AE8 /* Constants.m */ = {isa = PBXFileReference; fileEncoding = 4; lastKnownFileType = sourcecode.c.objc; path = Constants.m; sourceTree = "<group>"; };
		225168EC18BFD36400085AE8 /* Functions.h */ = {isa = PBXFileReference; fileEncoding = 4; lastKnownFileType = sourcecode.c.h; path = Functions.h; sourceTree = "<group>"; };
		225168EE18BFE3C100085AE8 /* USLoadingViewController.h */ = {isa = PBXFileReference; fileEncoding = 4; lastKnownFileType = sourcecode.c.h; path = USLoadingViewController.h; sourceTree = "<group>"; };
		225168EF18BFE3C100085AE8 /* USLoadingViewController.m */ = {isa = PBXFileReference; fileEncoding = 4; lastKnownFileType = sourcecode.c.objc; path = USLoadingViewController.m; sourceTree = "<group>"; };
		225168F618C61FE400085AE8 /* USWebDatasource.h */ = {isa = PBXFileReference; fileEncoding = 4; lastKnownFileType = sourcecode.c.h; name = USWebDatasource.h; path = Models/USWebDatasource.h; sourceTree = "<group>"; };
		225168F718C61FE400085AE8 /* USWebDatasource.m */ = {isa = PBXFileReference; fileEncoding = 4; lastKnownFileType = sourcecode.c.objc; name = USWebDatasource.m; path = Models/USWebDatasource.m; sourceTree = "<group>"; };
		225D8FD918C667090061E5CD /* Keys.h */ = {isa = PBXFileReference; fileEncoding = 4; lastKnownFileType = sourcecode.c.h; path = Keys.h; sourceTree = "<group>"; };
		22943C4E18D9024000257023 /* Default-Landscape~ipad.png */ = {isa = PBXFileReference; lastKnownFileType = image.png; path = "Default-Landscape~ipad.png"; sourceTree = "<group>"; };
		22943C5018D9024200257023 /* Default-Landscape@2x~ipad.png */ = {isa = PBXFileReference; lastKnownFileType = image.png; path = "Default-Landscape@2x~ipad.png"; sourceTree = "<group>"; };
		22943C5218D9024400257023 /* Default-Portrait@2x~ipad.png */ = {isa = PBXFileReference; lastKnownFileType = image.png; path = "Default-Portrait@2x~ipad.png"; sourceTree = "<group>"; };
		22943C5418D9024500257023 /* Default-Portrait~ipad.png */ = {isa = PBXFileReference; lastKnownFileType = image.png; path = "Default-Portrait~ipad.png"; sourceTree = "<group>"; };
		22943C5618D9025100257023 /* Default.png */ = {isa = PBXFileReference; lastKnownFileType = image.png; path = Default.png; sourceTree = "<group>"; };
		22943C5818D9025300257023 /* Default@2x.png */ = {isa = PBXFileReference; lastKnownFileType = image.png; path = "Default@2x.png"; sourceTree = "<group>"; };
		22943C5A18D9025500257023 /* Default-568h@2x.png */ = {isa = PBXFileReference; lastKnownFileType = image.png; path = "Default-568h@2x.png"; sourceTree = "<group>"; };
		22943C5C18D902F600257023 /* 57.png */ = {isa = PBXFileReference; lastKnownFileType = image.png; path = 57.png; sourceTree = "<group>"; };
		22943C5E18D902F800257023 /* 57@2x.png */ = {isa = PBXFileReference; lastKnownFileType = image.png; path = "57@2x.png"; sourceTree = "<group>"; };
		22943C6018D902FC00257023 /* 72.png */ = {isa = PBXFileReference; lastKnownFileType = image.png; path = 72.png; sourceTree = "<group>"; };
		22943C6218D902FD00257023 /* 72@2x.png */ = {isa = PBXFileReference; lastKnownFileType = image.png; path = "72@2x.png"; sourceTree = "<group>"; };
		22B0B16418D8D6FB00FEE60E /* USMenuViewController.h */ = {isa = PBXFileReference; fileEncoding = 4; lastKnownFileType = sourcecode.c.h; path = USMenuViewController.h; sourceTree = "<group>"; };
		22B0B16518D8D6FB00FEE60E /* USMenuViewController.m */ = {isa = PBXFileReference; fileEncoding = 4; lastKnownFileType = sourcecode.c.objc; path = USMenuViewController.m; sourceTree = "<group>"; };
		22B0B16618D8D6FB00FEE60E /* USMenuViewController.xib */ = {isa = PBXFileReference; fileEncoding = 4; lastKnownFileType = file.xib; path = USMenuViewController.xib; sourceTree = "<group>"; };
		22B0B16A18D8EFD300FEE60E /* iRate.bundle */ = {isa = PBXFileReference; lastKnownFileType = "wrapper.plug-in"; path = iRate.bundle; sourceTree = "<group>"; };
		22B0B16B18D8EFD300FEE60E /* iRate.h */ = {isa = PBXFileReference; fileEncoding = 4; lastKnownFileType = sourcecode.c.h; path = iRate.h; sourceTree = "<group>"; };
		22B0B16C18D8EFD300FEE60E /* iRate.m */ = {isa = PBXFileReference; fileEncoding = 4; lastKnownFileType = sourcecode.c.objc; path = iRate.m; sourceTree = "<group>"; };
/* End PBXFileReference section */

/* Begin PBXFrameworksBuildPhase section */
		2251688A18BE9F2400085AE8 /* Frameworks */ = {
			isa = PBXFrameworksBuildPhase;
			buildActionMask = 2147483647;
			files = (
				223D56B318D1706000CE2C7B /* CoreVideo.framework in Frameworks */,
				223D56B118D1704F00CE2C7B /* OpenGLES.framework in Frameworks */,
				223D56AF18D1704600CE2C7B /* AVFoundation.framework in Frameworks */,
				223D56AD18D1703D00CE2C7B /* CoreMedia.framework in Frameworks */,
				223D565C18C6768F00CE2C7B /* Accelerate.framework in Frameworks */,
				223D565A18C6768900CE2C7B /* QuartzCore.framework in Frameworks */,
				2251689318BE9F2400085AE8 /* CoreGraphics.framework in Frameworks */,
				2251689518BE9F2400085AE8 /* UIKit.framework in Frameworks */,
				2251689118BE9F2400085AE8 /* Foundation.framework in Frameworks */,
			);
			runOnlyForDeploymentPostprocessing = 0;
		};
		225168AE18BE9F2400085AE8 /* Frameworks */ = {
			isa = PBXFrameworksBuildPhase;
			buildActionMask = 2147483647;
			files = (
				225168B318BE9F2400085AE8 /* XCTest.framework in Frameworks */,
				225168B518BE9F2400085AE8 /* UIKit.framework in Frameworks */,
				225168B418BE9F2400085AE8 /* Foundation.framework in Frameworks */,
			);
			runOnlyForDeploymentPostprocessing = 0;
		};
/* End PBXFrameworksBuildPhase section */

/* Begin PBXGroup section */
		223D565F18C690A400CE2C7B /* ParallaxScrollingFramework */ = {
			isa = PBXGroup;
			children = (
				223D566018C690A400CE2C7B /* ParallaxScrollingFramework.h */,
				223D566118C690A400CE2C7B /* ParallaxScrollingFramework.m */,
			);
			name = ParallaxScrollingFramework;
			path = Libraries/ParallaxScrollingFramework/ParallaxScrollingFramework;
			sourceTree = "<group>";
		};
		223D566318CA3A2F00CE2C7B /* Resources */ = {
			isa = PBXGroup;
			children = (
				223D566418CA3A2F00CE2C7B /* images */,
			);
			path = Resources;
			sourceTree = "<group>";
		};
		223D566418CA3A2F00CE2C7B /* images */ = {
			isa = PBXGroup;
			children = (
				223D566518CA3A2F00CE2C7B /* bg_intro@2x.jpg */,
			);
			path = images;
			sourceTree = "<group>";
		};
		223D56C418D1734F00CE2C7B /* UISidebarViewController */ = {
			isa = PBXGroup;
			children = (
				223D574F18D19AE900CE2C7B /* UISidebarViewController.h */,
				223D575018D19AE900CE2C7B /* UISidebarViewController.m */,
			);
			name = UISidebarViewController;
			path = ViewControllers;
			sourceTree = "<group>";
		};
		2251688418BE9F2400085AE8 = {
			isa = PBXGroup;
			children = (
				22943C6218D902FD00257023 /* 72@2x.png */,
				22943C6018D902FC00257023 /* 72.png */,
				22943C5E18D902F800257023 /* 57@2x.png */,
				22943C5C18D902F600257023 /* 57.png */,
				22943C5A18D9025500257023 /* Default-568h@2x.png */,
				22943C5818D9025300257023 /* Default@2x.png */,
				22943C5618D9025100257023 /* Default.png */,
				22943C5418D9024500257023 /* Default-Portrait~ipad.png */,
				22943C5218D9024400257023 /* Default-Portrait@2x~ipad.png */,
				22943C5018D9024200257023 /* Default-Landscape@2x~ipad.png */,
				22943C4E18D9024000257023 /* Default-Landscape~ipad.png */,
				2251689618BE9F2400085AE8 /* Unsplashed */,
				225168B818BE9F2400085AE8 /* UnsplashedTests */,
				2251688F18BE9F2400085AE8 /* Frameworks */,
				2251688E18BE9F2400085AE8 /* Products */,
			);
			sourceTree = "<group>";
		};
		2251688E18BE9F2400085AE8 /* Products */ = {
			isa = PBXGroup;
			children = (
				2251688D18BE9F2400085AE8 /* Unsplashed.app */,
				225168B118BE9F2400085AE8 /* UnsplashedTests.xctest */,
			);
			name = Products;
			sourceTree = "<group>";
		};
		2251688F18BE9F2400085AE8 /* Frameworks */ = {
			isa = PBXGroup;
			children = (
				223D56B218D1706000CE2C7B /* CoreVideo.framework */,
				223D56B018D1704F00CE2C7B /* OpenGLES.framework */,
				223D56AE18D1704600CE2C7B /* AVFoundation.framework */,
				223D56AC18D1703C00CE2C7B /* CoreMedia.framework */,
				223D565B18C6768F00CE2C7B /* Accelerate.framework */,
				223D565918C6768900CE2C7B /* QuartzCore.framework */,
				2251689018BE9F2400085AE8 /* Foundation.framework */,
				2251689218BE9F2400085AE8 /* CoreGraphics.framework */,
				2251689418BE9F2400085AE8 /* UIKit.framework */,
				225168B218BE9F2400085AE8 /* XCTest.framework */,
			);
			name = Frameworks;
			sourceTree = "<group>";
		};
		2251689618BE9F2400085AE8 /* Unsplashed */ = {
			isa = PBXGroup;
			children = (
				225D8FD918C667090061E5CD /* Keys.h */,
				225168EA18BFD36400085AE8 /* Constants.h */,
				225168EB18BFD36400085AE8 /* Constants.m */,
				225168EC18BFD36400085AE8 /* Functions.h */,
				2251689F18BE9F2400085AE8 /* USAppDelegate.h */,
				225168A018BE9F2400085AE8 /* USAppDelegate.m */,
				225168AB18BE9F2400085AE8 /* Images.xcassets */,
				225168CC18BEA2B400085AE8 /* Libraries */,
				225168DC18BEA85100085AE8 /* Models */,
				223D566318CA3A2F00CE2C7B /* Resources */,
				2251689718BE9F2400085AE8 /* Supporting Files */,
				225168C818BEA29500085AE8 /* ViewControllers */,
			);
			name = Unsplashed;
			path = Unsplash;
			sourceTree = "<group>";
		};
		2251689718BE9F2400085AE8 /* Supporting Files */ = {
			isa = PBXGroup;
			children = (
				2251689818BE9F2400085AE8 /* Unsplashed-Info.plist */,
				2251689918BE9F2400085AE8 /* InfoPlist.strings */,
				2251689C18BE9F2400085AE8 /* main.m */,
				2251689E18BE9F2400085AE8 /* Unsplashed-Prefix.pch */,
			);
			name = "Supporting Files";
			sourceTree = "<group>";
		};
		225168B818BE9F2400085AE8 /* UnsplashedTests */ = {
			isa = PBXGroup;
			children = (
				225168BE18BE9F2400085AE8 /* UnsplashedTests.m */,
				225168B918BE9F2400085AE8 /* Supporting Files */,
			);
			name = UnsplashedTests;
			path = UnsplashTests;
			sourceTree = "<group>";
		};
		225168B918BE9F2400085AE8 /* Supporting Files */ = {
			isa = PBXGroup;
			children = (
				225168BA18BE9F2400085AE8 /* UnsplashedTests-Info.plist */,
				225168BB18BE9F2400085AE8 /* InfoPlist.strings */,
			);
			name = "Supporting Files";
			sourceTree = "<group>";
		};
		225168C818BEA29500085AE8 /* ViewControllers */ = {
			isa = PBXGroup;
			children = (
				225168D418BEA79F00085AE8 /* USImageViewController.h */,
				225168D518BEA79F00085AE8 /* USImageViewController.m */,
				225168D618BEA79F00085AE8 /* USImageViewController.xib */,
				225168EE18BFE3C100085AE8 /* USLoadingViewController.h */,
				225168EF18BFE3C100085AE8 /* USLoadingViewController.m */,
				225168C918BEA29500085AE8 /* USViewController.h */,
				225168CA18BEA29500085AE8 /* USViewController.m */,
				223D565D18C68A5D00CE2C7B /* USViewController.xib */,
				225168E218BF888700085AE8 /* USWebViewController.h */,
				225168E318BF888700085AE8 /* USWebViewController.m */,
				225168E418BF888700085AE8 /* USWebViewController.xib */,
				22B0B16418D8D6FB00FEE60E /* USMenuViewController.h */,
				22B0B16518D8D6FB00FEE60E /* USMenuViewController.m */,
				22B0B16618D8D6FB00FEE60E /* USMenuViewController.xib */,
			);
			path = ViewControllers;
			sourceTree = "<group>";
		};
		225168CC18BEA2B400085AE8 /* Libraries */ = {
			isa = PBXGroup;
			children = (
				22B0B16918D8EFD300FEE60E /* iRate */,
				223D565F18C690A400CE2C7B /* ParallaxScrollingFramework */,
				223D56C418D1734F00CE2C7B /* UISidebarViewController */,
			);
			name = Libraries;
			sourceTree = "<group>";
		};
		225168DC18BEA85100085AE8 /* Models */ = {
			isa = PBXGroup;
			children = (
				225168E718BFD1DA00085AE8 /* USImageDatasource.h */,
				225168E818BFD1DA00085AE8 /* USImageDatasource.m */,
				225168F618C61FE400085AE8 /* USWebDatasource.h */,
				225168F718C61FE400085AE8 /* USWebDatasource.m */,
			);
			name = Models;
			sourceTree = "<group>";
		};
		22B0B16918D8EFD300FEE60E /* iRate */ = {
			isa = PBXGroup;
			children = (
				22B0B16A18D8EFD300FEE60E /* iRate.bundle */,
				22B0B16B18D8EFD300FEE60E /* iRate.h */,
				22B0B16C18D8EFD300FEE60E /* iRate.m */,
			);
			name = iRate;
			path = Libraries/iRate/iRate;
			sourceTree = "<group>";
		};
/* End PBXGroup section */

/* Begin PBXNativeTarget section */
		2251688C18BE9F2400085AE8 /* Unsplashed */ = {
			isa = PBXNativeTarget;
			buildConfigurationList = 225168C218BE9F2400085AE8 /* Build configuration list for PBXNativeTarget "Unsplashed" */;
			buildPhases = (
				2251688918BE9F2400085AE8 /* Sources */,
				2251688A18BE9F2400085AE8 /* Frameworks */,
				2251688B18BE9F2400085AE8 /* Resources */,
			);
			buildRules = (
			);
			dependencies = (
			);
			name = Unsplashed;
			productName = Unsplash;
			productReference = 2251688D18BE9F2400085AE8 /* Unsplashed.app */;
			productType = "com.apple.product-type.application";
		};
		225168B018BE9F2400085AE8 /* UnsplashedTests */ = {
			isa = PBXNativeTarget;
			buildConfigurationList = 225168C518BE9F2400085AE8 /* Build configuration list for PBXNativeTarget "UnsplashedTests" */;
			buildPhases = (
				225168AD18BE9F2400085AE8 /* Sources */,
				225168AE18BE9F2400085AE8 /* Frameworks */,
				225168AF18BE9F2400085AE8 /* Resources */,
			);
			buildRules = (
			);
			dependencies = (
				225168B718BE9F2400085AE8 /* PBXTargetDependency */,
			);
			name = UnsplashedTests;
			productName = UnsplashTests;
			productReference = 225168B118BE9F2400085AE8 /* UnsplashedTests.xctest */;
			productType = "com.apple.product-type.bundle.unit-test";
		};
/* End PBXNativeTarget section */

/* Begin PBXProject section */
		2251688518BE9F2400085AE8 /* Project object */ = {
			isa = PBXProject;
			attributes = {
				CLASSPREFIX = US;
				LastUpgradeCheck = 0500;
				ORGANIZATIONNAME = "Carlin Creations";
				TargetAttributes = {
					2251688C18BE9F2400085AE8 = {
						DevelopmentTeam = 8FWA72NP3B;
					};
					225168B018BE9F2400085AE8 = {
						TestTargetID = 2251688C18BE9F2400085AE8;
					};
				};
			};
			buildConfigurationList = 2251688818BE9F2400085AE8 /* Build configuration list for PBXProject "Unsplashed" */;
			compatibilityVersion = "Xcode 3.2";
			developmentRegion = English;
			hasScannedForEncodings = 0;
			knownRegions = (
				en,
				Base,
			);
			mainGroup = 2251688418BE9F2400085AE8;
			productRefGroup = 2251688E18BE9F2400085AE8 /* Products */;
			projectDirPath = "";
			projectRoot = "";
			targets = (
				2251688C18BE9F2400085AE8 /* Unsplashed */,
				225168B018BE9F2400085AE8 /* UnsplashedTests */,
			);
		};
/* End PBXProject section */

/* Begin PBXResourcesBuildPhase section */
		2251688B18BE9F2400085AE8 /* Resources */ = {
			isa = PBXResourcesBuildPhase;
			buildActionMask = 2147483647;
			files = (
				22B0B16818D8D6FB00FEE60E /* USMenuViewController.xib in Resources */,
				22B0B16D18D8EFD300FEE60E /* iRate.bundle in Resources */,
				225168AC18BE9F2400085AE8 /* Images.xcassets in Resources */,
				225168D818BEA79F00085AE8 /* USImageViewController.xib in Resources */,
				223D566618CA3A2F00CE2C7B /* bg_intro@2x.jpg in Resources */,
				225168E618BF888700085AE8 /* USWebViewController.xib in Resources */,
				2251689B18BE9F2400085AE8 /* InfoPlist.strings in Resources */,
				223D565E18C68A5D00CE2C7B /* USViewController.xib in Resources */,
				22943C4F18D9024000257023 /* Default-Landscape~ipad.png in Resources */,
				22943C5118D9024200257023 /* Default-Landscape@2x~ipad.png in Resources */,
				22943C5318D9024400257023 /* Default-Portrait@2x~ipad.png in Resources */,
				22943C5518D9024500257023 /* Default-Portrait~ipad.png in Resources */,
				22943C5718D9025100257023 /* Default.png in Resources */,
				22943C5918D9025300257023 /* Default@2x.png in Resources */,
				22943C5B18D9025500257023 /* Default-568h@2x.png in Resources */,
				22943C5D18D902F600257023 /* 57.png in Resources */,
				22943C5F18D902F800257023 /* 57@2x.png in Resources */,
				22943C6118D902FC00257023 /* 72.png in Resources */,
				22943C6318D902FD00257023 /* 72@2x.png in Resources */,
			);
			runOnlyForDeploymentPostprocessing = 0;
		};
		225168AF18BE9F2400085AE8 /* Resources */ = {
			isa = PBXResourcesBuildPhase;
			buildActionMask = 2147483647;
			files = (
				225168BD18BE9F2400085AE8 /* InfoPlist.strings in Resources */,
			);
			runOnlyForDeploymentPostprocessing = 0;
		};
/* End PBXResourcesBuildPhase section */

/* Begin PBXSourcesBuildPhase section */
		2251688918BE9F2400085AE8 /* Sources */ = {
			isa = PBXSourcesBuildPhase;
			buildActionMask = 2147483647;
			files = (
				225168E518BF888700085AE8 /* USWebViewController.m in Sources */,
				22B0B16718D8D6FB00FEE60E /* USMenuViewController.m in Sources */,
				225168D718BEA79F00085AE8 /* USImageViewController.m in Sources */,
				225168A118BE9F2400085AE8 /* USAppDelegate.m in Sources */,
				22B0B16E18D8EFD300FEE60E /* iRate.m in Sources */,
				225168CB18BEA29500085AE8 /* USViewController.m in Sources */,
				225168E918BFD1DA00085AE8 /* USImageDatasource.m in Sources */,
				223D566218C690A400CE2C7B /* ParallaxScrollingFramework.m in Sources */,
				223D575118D19AE900CE2C7B /* UISidebarViewController.m in Sources */,
				2251689D18BE9F2400085AE8 /* main.m in Sources */,
				225168F818C61FE400085AE8 /* USWebDatasource.m in Sources */,
				225168ED18BFD36400085AE8 /* Constants.m in Sources */,
				225168F018BFE3C100085AE8 /* USLoadingViewController.m in Sources */,
			);
			runOnlyForDeploymentPostprocessing = 0;
		};
		225168AD18BE9F2400085AE8 /* Sources */ = {
			isa = PBXSourcesBuildPhase;
			buildActionMask = 2147483647;
			files = (
				225168BF18BE9F2400085AE8 /* UnsplashedTests.m in Sources */,
			);
			runOnlyForDeploymentPostprocessing = 0;
		};
/* End PBXSourcesBuildPhase section */

/* Begin PBXTargetDependency section */
		225168B718BE9F2400085AE8 /* PBXTargetDependency */ = {
			isa = PBXTargetDependency;
			target = 2251688C18BE9F2400085AE8 /* Unsplashed */;
			targetProxy = 225168B618BE9F2400085AE8 /* PBXContainerItemProxy */;
		};
/* End PBXTargetDependency section */

/* Begin PBXVariantGroup section */
		2251689918BE9F2400085AE8 /* InfoPlist.strings */ = {
			isa = PBXVariantGroup;
			children = (
				2251689A18BE9F2400085AE8 /* en */,
			);
			name = InfoPlist.strings;
			sourceTree = "<group>";
		};
		225168BB18BE9F2400085AE8 /* InfoPlist.strings */ = {
			isa = PBXVariantGroup;
			children = (
				225168BC18BE9F2400085AE8 /* en */,
			);
			name = InfoPlist.strings;
			sourceTree = "<group>";
		};
/* End PBXVariantGroup section */

/* Begin XCBuildConfiguration section */
		225168C018BE9F2400085AE8 /* Debug */ = {
			isa = XCBuildConfiguration;
			buildSettings = {
				ALWAYS_SEARCH_USER_PATHS = NO;
				ARCHS = "$(ARCHS_STANDARD_INCLUDING_64_BIT)";
				CLANG_CXX_LANGUAGE_STANDARD = "gnu++0x";
				CLANG_CXX_LIBRARY = "libc++";
				CLANG_ENABLE_MODULES = YES;
				CLANG_ENABLE_OBJC_ARC = YES;
				CLANG_WARN_BOOL_CONVERSION = YES;
				CLANG_WARN_CONSTANT_CONVERSION = YES;
				CLANG_WARN_DIRECT_OBJC_ISA_USAGE = YES_ERROR;
				CLANG_WARN_EMPTY_BODY = YES;
				CLANG_WARN_ENUM_CONVERSION = YES;
				CLANG_WARN_INT_CONVERSION = YES;
				CLANG_WARN_OBJC_ROOT_CLASS = YES_ERROR;
				CLANG_WARN__DUPLICATE_METHOD_MATCH = YES;
				CODE_SIGN_IDENTITY = "iPhone Developer: Carlin Yuen (CB7P22G8XW)";
				"CODE_SIGN_IDENTITY[sdk=iphoneos*]" = "iPhone Developer: Carlin Yuen (CB7P22G8XW)";
				COPY_PHASE_STRIP = NO;
				GCC_C_LANGUAGE_STANDARD = gnu99;
				GCC_DYNAMIC_NO_PIC = NO;
				GCC_OPTIMIZATION_LEVEL = 0;
				GCC_PREPROCESSOR_DEFINITIONS = (
					"DEBUG=1",
					"$(inherited)",
				);
				GCC_SYMBOLS_PRIVATE_EXTERN = NO;
				GCC_WARN_64_TO_32_BIT_CONVERSION = YES;
				GCC_WARN_ABOUT_RETURN_TYPE = YES_ERROR;
				GCC_WARN_UNDECLARED_SELECTOR = YES;
				GCC_WARN_UNINITIALIZED_AUTOS = YES;
				GCC_WARN_UNUSED_FUNCTION = YES;
				GCC_WARN_UNUSED_VARIABLE = YES;
				HEADER_SEARCH_PATHS = (
					"$(inherited)",
					/Applications/Xcode.app/Contents/Developer/Toolchains/XcodeDefault.xctoolchain/usr/include,
					"$(SRCROOT)/Unsplash/Libraries/GPUImage/framework/**",
				);
				IPHONEOS_DEPLOYMENT_TARGET = 6.0;
				ONLY_ACTIVE_ARCH = YES;
				PROVISIONING_PROFILE = "E907CEC3-3A5A-4071-B5FF-2C9418AA5906";
				SDKROOT = iphoneos;
				TARGETED_DEVICE_FAMILY = "1,2";
			};
			name = Debug;
		};
		225168C118BE9F2400085AE8 /* Release */ = {
			isa = XCBuildConfiguration;
			buildSettings = {
				ALWAYS_SEARCH_USER_PATHS = NO;
				ARCHS = "$(ARCHS_STANDARD_INCLUDING_64_BIT)";
				CLANG_CXX_LANGUAGE_STANDARD = "gnu++0x";
				CLANG_CXX_LIBRARY = "libc++";
				CLANG_ENABLE_MODULES = YES;
				CLANG_ENABLE_OBJC_ARC = YES;
				CLANG_WARN_BOOL_CONVERSION = YES;
				CLANG_WARN_CONSTANT_CONVERSION = YES;
				CLANG_WARN_DIRECT_OBJC_ISA_USAGE = YES_ERROR;
				CLANG_WARN_EMPTY_BODY = YES;
				CLANG_WARN_ENUM_CONVERSION = YES;
				CLANG_WARN_INT_CONVERSION = YES;
				CLANG_WARN_OBJC_ROOT_CLASS = YES_ERROR;
				CLANG_WARN__DUPLICATE_METHOD_MATCH = YES;
				CODE_SIGN_IDENTITY = "iPhone Distribution: Carlin Yuen (8FWA72NP3B)";
				"CODE_SIGN_IDENTITY[sdk=iphoneos*]" = "iPhone Distribution: Carlin Yuen (8FWA72NP3B)";
				COPY_PHASE_STRIP = YES;
				ENABLE_NS_ASSERTIONS = NO;
				GCC_C_LANGUAGE_STANDARD = gnu99;
				GCC_WARN_64_TO_32_BIT_CONVERSION = YES;
				GCC_WARN_ABOUT_RETURN_TYPE = YES_ERROR;
				GCC_WARN_UNDECLARED_SELECTOR = YES;
				GCC_WARN_UNINITIALIZED_AUTOS = YES;
				GCC_WARN_UNUSED_FUNCTION = YES;
				GCC_WARN_UNUSED_VARIABLE = YES;
				HEADER_SEARCH_PATHS = (
					"$(inherited)",
					/Applications/Xcode.app/Contents/Developer/Toolchains/XcodeDefault.xctoolchain/usr/include,
					"$(SRCROOT)/Unsplash/Libraries/GPUImage/framework/**",
				);
				IPHONEOS_DEPLOYMENT_TARGET = 6.0;
				PROVISIONING_PROFILE = "9C0714D0-16CF-476D-B705-4863EFA9A508";
				SDKROOT = iphoneos;
				TARGETED_DEVICE_FAMILY = "1,2";
				VALIDATE_PRODUCT = YES;
			};
			name = Release;
		};
		225168C318BE9F2400085AE8 /* Debug */ = {
			isa = XCBuildConfiguration;
			buildSettings = {
				ASSETCATALOG_COMPILER_APPICON_NAME = AppIcon;
				ASSETCATALOG_COMPILER_LAUNCHIMAGE_NAME = LaunchImage;
				CODE_SIGN_IDENTITY = "iPhone Developer: Carlin Yuen (CB7P22G8XW)";
				"CODE_SIGN_IDENTITY[sdk=iphoneos*]" = "iPhone Developer: Carlin Yuen (CB7P22G8XW)";
				GCC_PRECOMPILE_PREFIX_HEADER = YES;
				GCC_PREFIX_HEADER = "Unsplash/Unsplashed-Prefix.pch";
				INFOPLIST_FILE = "Unsplash/Unsplashed-Info.plist";
				IPHONEOS_DEPLOYMENT_TARGET = 6.0;
				PRODUCT_NAME = Unsplashed;
				WRAPPER_EXTENSION = app;
			};
			name = Debug;
		};
		225168C418BE9F2400085AE8 /* Release */ = {
			isa = XCBuildConfiguration;
			buildSettings = {
				ASSETCATALOG_COMPILER_APPICON_NAME = AppIcon;
				ASSETCATALOG_COMPILER_LAUNCHIMAGE_NAME = LaunchImage;
				CODE_SIGN_IDENTITY = "iPhone Distribution: Carlin Yuen (8FWA72NP3B)";
				"CODE_SIGN_IDENTITY[sdk=iphoneos*]" = "iPhone Distribution: Carlin Yuen (8FWA72NP3B)";
				GCC_PRECOMPILE_PREFIX_HEADER = YES;
				GCC_PREFIX_HEADER = "Unsplash/Unsplashed-Prefix.pch";
				INFOPLIST_FILE = "Unsplash/Unsplashed-Info.plist";
				IPHONEOS_DEPLOYMENT_TARGET = 6.0;
				PRODUCT_NAME = Unsplashed;
				PROVISIONING_PROFILE = "9C0714D0-16CF-476D-B705-4863EFA9A508";
				WRAPPER_EXTENSION = app;
			};
			name = Release;
		};
		225168C618BE9F2400085AE8 /* Debug */ = {
			isa = XCBuildConfiguration;
			buildSettings = {
				ARCHS = "$(ARCHS_STANDARD_INCLUDING_64_BIT)";
				BUNDLE_LOADER = "$(BUILT_PRODUCTS_DIR)/Unsplashed.app/Unsplashed";
				FRAMEWORK_SEARCH_PATHS = (
					"$(SDKROOT)/Developer/Library/Frameworks",
					"$(inherited)",
					"$(DEVELOPER_FRAMEWORKS_DIR)",
				);
				GCC_PRECOMPILE_PREFIX_HEADER = YES;
				GCC_PREFIX_HEADER = "Unsplash/Unsplash-Prefix.pch";
				GCC_PREPROCESSOR_DEFINITIONS = (
					"DEBUG=1",
					"$(inherited)",
				);
				INFOPLIST_FILE = "UnsplashTests/UnsplashedTests-Info.plist";
				PRODUCT_NAME = UnsplashedTests;
				TEST_HOST = "$(BUNDLE_LOADER)";
				WRAPPER_EXTENSION = xctest;
			};
			name = Debug;
		};
		225168C718BE9F2400085AE8 /* Release */ = {
			isa = XCBuildConfiguration;
			buildSettings = {
				ARCHS = "$(ARCHS_STANDARD_INCLUDING_64_BIT)";
				BUNDLE_LOADER = "$(BUILT_PRODUCTS_DIR)/Unsplashed.app/Unsplashed";
				FRAMEWORK_SEARCH_PATHS = (
					"$(SDKROOT)/Developer/Library/Frameworks",
					"$(inherited)",
					"$(DEVELOPER_FRAMEWORKS_DIR)",
				);
				GCC_PRECOMPILE_PREFIX_HEADER = YES;
				GCC_PREFIX_HEADER = "Unsplash/Unsplash-Prefix.pch";
				INFOPLIST_FILE = "UnsplashTests/UnsplashedTests-Info.plist";
				PRODUCT_NAME = UnsplashedTests;
				TEST_HOST = "$(BUNDLE_LOADER)";
				WRAPPER_EXTENSION = xctest;
			};
			name = Release;
		};
/* End XCBuildConfiguration section */

/* Begin XCConfigurationList section */
		2251688818BE9F2400085AE8 /* Build configuration list for PBXProject "Unsplashed" */ = {
			isa = XCConfigurationList;
			buildConfigurations = (
				225168C018BE9F2400085AE8 /* Debug */,
				225168C118BE9F2400085AE8 /* Release */,
			);
			defaultConfigurationIsVisible = 0;
			defaultConfigurationName = Release;
		};
		225168C218BE9F2400085AE8 /* Build configuration list for PBXNativeTarget "Unsplashed" */ = {
			isa = XCConfigurationList;
			buildConfigurations = (
				225168C318BE9F2400085AE8 /* Debug */,
				225168C418BE9F2400085AE8 /* Release */,
			);
			defaultConfigurationIsVisible = 0;
			defaultConfigurationName = Release;
		};
		225168C518BE9F2400085AE8 /* Build configuration list for PBXNativeTarget "UnsplashedTests" */ = {
			isa = XCConfigurationList;
			buildConfigurations = (
				225168C618BE9F2400085AE8 /* Debug */,
				225168C718BE9F2400085AE8 /* Release */,
			);
			defaultConfigurationIsVisible = 0;
			defaultConfigurationName = Release;
		};
/* End XCConfigurationList section */
	};
	rootObject = 2251688518BE9F2400085AE8 /* Project object */;
}
